Microsoft Visual Studio Solution File, Format Version 9.00
# Visual Studio 2005
Project("{E24C65DC-7377-472B-9ABA-BC803B73C61A}") = "D:\...\web_site\", "web_site\", "{3DCCC634-ED0E-4416-BE30-645988668656}"
	ProjectSection(WebsiteProperties) = preProject
		Debug.AspNetCompiler.VirtualPath = "/web_site"
		Debug.AspNetCompiler.PhysicalPath = "web_site\"
		Debug.AspNetCompiler.TargetPath = "PrecompiledWeb\web_site\"
		Debug.AspNetCompiler.Updateable = "true"
		Debug.AspNetCompiler.ForceOverwrite = "true"
		Debug.AspNetCompiler.FixedNames = "false"
		Debug.AspNetCompiler.Debug = "True"
		Release.AspNetCompiler.VirtualPath = "/web_site"
		Release.AspNetCompiler.PhysicalPath = "web_site\"
		Release.AspNetCompiler.TargetPath = "PrecompiledWeb\web_site\"
		Release.AspNetCompiler.Updateable = "true"
		Release.AspNetCompiler.ForceOverwrite = "true"
		Release.AspNetCompiler.FixedNames = "false"
		Release.AspNetCompiler.Debug = "False"
		VWDPort = "50284"
	EndProjectSection
EndProject
Global
	GlobalSection(SolutionConfigurationPlatforms) = preSolution
		Debug|.NET = Debug|.NET
	EndGlobalSection
	GlobalSection(ProjectConfigurationPlatforms) = postSolution
		{3DCCC634-ED0E-4416-BE30-645988668656}.Debug|.NET.ActiveCfg = Debug|.NET
		{3DCCC634-ED0E-4416-BE30-645988668656}.Debug|.NET.Build.0 = Debug|.NET
	EndGlobalSection
	GlobalSection(SolutionProperties) = preSolution
		HideSolutionNode = FALSE
	EndGlobalSection
EndGlobal
